
Microsoft Visual Studio Solution File, Format Version 12.00
# Visual Studio Version 16
VisualStudioVersion = 16.0.30621.155
MinimumVisualStudioVersion = 10.0.40219.1
Project("{FAE04EC0-301F-11D3-BF4B-00C04F79EFBC}") = "reciclagem", "reciclagem\reciclagem.csproj", "{EBA92474-B6AF-4927-BE18-18C7B522C2A4}"
EndProject
Project("{2150E333-8FDC-42A3-9474-1A3956D46DE8}") = "Models", "Models", "{95EB666F-8F61-4918-BB49-702555384F4B}"
EndProject
Global
	GlobalSection(SolutionConfigurationPlatforms) = preSolution
		Debug|Any CPU = Debug|Any CPU
		Release|Any CPU = Release|Any CPU
	EndGlobalSection
	GlobalSection(ProjectConfigurationPlatforms) = postSolution
		{EBA92474-B6AF-4927-BE18-18C7B522C2A4}.Debug|Any CPU.ActiveCfg = Debug|Any CPU
		{EBA92474-B6AF-4927-BE18-18C7B522C2A4}.Debug|Any CPU.Build.0 = Debug|Any CPU
		{EBA92474-B6AF-4927-BE18-18C7B522C2A4}.Release|Any CPU.ActiveCfg = Release|Any CPU
		{EBA92474-B6AF-4927-BE18-18C7B522C2A4}.Release|Any CPU.Build.0 = Release|Any CPU
	EndGlobalSection
	GlobalSection(SolutionProperties) = preSolution
		HideSolutionNode = FALSE
	EndGlobalSection
	GlobalSection(ExtensibilityGlobals) = postSolution
		SolutionGuid = {C2906C9A-F500-4CEC-ADFC-8F1816417892}
	EndGlobalSection
EndGlobal
